
Microsoft Visual Studio Solution File, Format Version 12.00
# Visual Studio Version 17
VisualStudioVersion = 17.10.34916.146
MinimumVisualStudioVersion = 10.0.40219.1
Project("{8BC9CEB8-8B4A-11D0-8D11-00A0C91BC942}") = "Program", "Program.vcxproj", "{DCCCED4E-B5CE-453D-AF75-51E18CBA240C}"
EndProject
Project("{8BC9CEB8-8B4A-11D0-8D11-00A0C91BC942}") = "Class1th (Single Linked List)", "..\Class1th (Single Linked List)\Class1th (Single Linked List).vcxproj", "{D1777AE6-E4CE-47E0-AB3D-1E29C6D316D4}"
EndProject
Project("{8BC9CEB8-8B4A-11D0-8D11-00A0C91BC942}") = "Class2th (Double Linked List)", "..\Class2th (Double Linked List)\Class2th (Double Linked List).vcxproj", "{3AA49F11-A3D6-45BC-8BCC-01E054E023FB}"
EndProject
Project("{8BC9CEB8-8B4A-11D0-8D11-00A0C91BC942}") = "Class3th (Circle Linked List)", "..\Class3th (Circle Linked List)\Class3th (Circle Linked List).vcxproj", "{C292261A-786D-4F7E-8ADE-DF7CDC45BEE0}"
EndProject
Project("{8BC9CEB8-8B4A-11D0-8D11-00A0C91BC942}") = "Class4th (Stack)", "..\Class4th (Stack)\Class4th (Stack).vcxproj", "{D003F6A7-F8B8-496B-AA71-BDAA11924E15}"
EndProject
Project("{8BC9CEB8-8B4A-11D0-8D11-00A0C91BC942}") = "Class5th (Linear Queue)", "..\Class5th (Linear Queue)\Class5th (Linear Queue).vcxproj", "{D457B90F-1A8F-432C-9BC7-943F3F847629}"
EndProject
Global
	GlobalSection(SolutionConfigurationPlatforms) = preSolution
		Debug|x64 = Debug|x64
		Debug|x86 = Debug|x86
		Release|x64 = Release|x64
		Release|x86 = Release|x86
	EndGlobalSection
	GlobalSection(ProjectConfigurationPlatforms) = postSolution
		{DCCCED4E-B5CE-453D-AF75-51E18CBA240C}.Debug|x64.ActiveCfg = Debug|x64
		{DCCCED4E-B5CE-453D-AF75-51E18CBA240C}.Debug|x64.Build.0 = Debug|x64
		{DCCCED4E-B5CE-453D-AF75-51E18CBA240C}.Debug|x86.ActiveCfg = Debug|Win32
		{DCCCED4E-B5CE-453D-AF75-51E18CBA240C}.Debug|x86.Build.0 = Debug|Win32
		{DCCCED4E-B5CE-453D-AF75-51E18CBA240C}.Release|x64.ActiveCfg = Release|x64
		{DCCCED4E-B5CE-453D-AF75-51E18CBA240C}.Release|x64.Build.0 = Release|x64
		{DCCCED4E-B5CE-453D-AF75-51E18CBA240C}.Release|x86.ActiveCfg = Release|Win32
		{DCCCED4E-B5CE-453D-AF75-51E18CBA240C}.Release|x86.Build.0 = Release|Win32
		{D1777AE6-E4CE-47E0-AB3D-1E29C6D316D4}.Debug|x64.ActiveCfg = Debug|x64
		{D1777AE6-E4CE-47E0-AB3D-1E29C6D316D4}.Debug|x64.Build.0 = Debug|x64
		{D1777AE6-E4CE-47E0-AB3D-1E29C6D316D4}.Debug|x86.ActiveCfg = Debug|Win32
		{D1777AE6-E4CE-47E0-AB3D-1E29C6D316D4}.Debug|x86.Build.0 = Debug|Win32
		{D1777AE6-E4CE-47E0-AB3D-1E29C6D316D4}.Release|x64.ActiveCfg = Release|x64
		{D1777AE6-E4CE-47E0-AB3D-1E29C6D316D4}.Release|x64.Build.0 = Release|x64
		{D1777AE6-E4CE-47E0-AB3D-1E29C6D316D4}.Release|x86.ActiveCfg = Release|Win32
		{D1777AE6-E4CE-47E0-AB3D-1E29C6D316D4}.Release|x86.Build.0 = Release|Win32
		{3AA49F11-A3D6-45BC-8BCC-01E054E023FB}.Debug|x64.ActiveCfg = Debug|x64
		{3AA49F11-A3D6-45BC-8BCC-01E054E023FB}.Debug|x64.Build.0 = Debug|x64
		{3AA49F11-A3D6-45BC-8BCC-01E054E023FB}.Debug|x86.ActiveCfg = Debug|Win32
		{3AA49F11-A3D6-45BC-8BCC-01E054E023FB}.Debug|x86.Build.0 = Debug|Win32
		{3AA49F11-A3D6-45BC-8BCC-01E054E023FB}.Release|x64.ActiveCfg = Release|x64
		{3AA49F11-A3D6-45BC-8BCC-01E054E023FB}.Release|x64.Build.0 = Release|x64
		{3AA49F11-A3D6-45BC-8BCC-01E054E023FB}.Release|x86.ActiveCfg = Release|Win32
		{3AA49F11-A3D6-45BC-8BCC-01E054E023FB}.Release|x86.Build.0 = Release|Win32
		{C292261A-786D-4F7E-8ADE-DF7CDC45BEE0}.Debug|x64.ActiveCfg = Debug|x64
		{C292261A-786D-4F7E-8ADE-DF7CDC45BEE0}.Debug|x64.Build.0 = Debug|x64
		{C292261A-786D-4F7E-8ADE-DF7CDC45BEE0}.Debug|x86.ActiveCfg = Debug|Win32
		{C292261A-786D-4F7E-8ADE-DF7CDC45BEE0}.Debug|x86.Build.0 = Debug|Win32
		{C292261A-786D-4F7E-8ADE-DF7CDC45BEE0}.Release|x64.ActiveCfg = Release|x64
		{C292261A-786D-4F7E-8ADE-DF7CDC45BEE0}.Release|x64.Build.0 = Release|x64
		{C292261A-786D-4F7E-8ADE-DF7CDC45BEE0}.Release|x86.ActiveCfg = Release|Win32
		{C292261A-786D-4F7E-8ADE-DF7CDC45BEE0}.Release|x86.Build.0 = Release|Win32
		{D003F6A7-F8B8-496B-AA71-BDAA11924E15}.Debug|x64.ActiveCfg = Debug|x64
		{D003F6A7-F8B8-496B-AA71-BDAA11924E15}.Debug|x64.Build.0 = Debug|x64
		{D003F6A7-F8B8-496B-AA71-BDAA11924E15}.Debug|x86.ActiveCfg = Debug|Win32
		{D003F6A7-F8B8-496B-AA71-BDAA11924E15}.Debug|x86.Build.0 = Debug|Win32
		{D003F6A7-F8B8-496B-AA71-BDAA11924E15}.Release|x64.ActiveCfg = Release|x64
		{D003F6A7-F8B8-496B-AA71-BDAA11924E15}.Release|x64.Build.0 = Release|x64
		{D003F6A7-F8B8-496B-AA71-BDAA11924E15}.Release|x86.ActiveCfg = Release|Win32
		{D003F6A7-F8B8-496B-AA71-BDAA11924E15}.Release|x86.Build.0 = Release|Win32
		{D457B90F-1A8F-432C-9BC7-943F3F847629}.Debug|x64.ActiveCfg = Debug|x64
		{D457B90F-1A8F-432C-9BC7-943F3F847629}.Debug|x64.Build.0 = Debug|x64
		{D457B90F-1A8F-432C-9BC7-943F3F847629}.Debug|x86.ActiveCfg = Debug|Win32
		{D457B90F-1A8F-432C-9BC7-943F3F847629}.Debug|x86.Build.0 = Debug|Win32
		{D457B90F-1A8F-432C-9BC7-943F3F847629}.Release|x64.ActiveCfg = Release|x64
		{D457B90F-1A8F-432C-9BC7-943F3F847629}.Release|x64.Build.0 = Release|x64
		{D457B90F-1A8F-432C-9BC7-943F3F847629}.Release|x86.ActiveCfg = Release|Win32
		{D457B90F-1A8F-432C-9BC7-943F3F847629}.Release|x86.Build.0 = Release|Win32
	EndGlobalSection
	GlobalSection(SolutionProperties) = preSolution
		HideSolutionNode = FALSE
	EndGlobalSection
	GlobalSection(ExtensibilityGlobals) = postSolution
		SolutionGuid = {A6DAD708-0BB7-4143-A6F4-9770D7B0B8A8}
	EndGlobalSection
EndGlobal
